# This file is autogenerated, do not edit; changes may be undone by the next 'dep ensure'.


[[projects]]
  name = "github.com/tensorflow/tensorflow"
  packages = ["tensorflow/go"]
  revision = "c19e29306ce1777456b2dbb3a14f511edf7883a8"
  version = "v1.11.0"

[solve-meta]
  analyzer-name = "dep"
  analyzer-version = 1
  inputs-digest = "cde7873c311caf0fe8f740f671c3b73bb208df3f1ab90b546b2c6c7801bf2cbe"
  solver-name = "gps-cdcl"
  solver-version = 1
