# This file is autogenerated, do not edit; changes may be undone by the next 'dep ensure'.


[[projects]]
  digest = "1:edbef42561faa44c19129b68d1e109fbc1647f63239250391eadc8d0e7c9f669"
  name = "github.com/kelseyhightower/envconfig"
  packages = ["."]
  pruneopts = "UT"
  revision = "f611eb38b3875cc3bd991ca91c51d06446afa14c"
  version = "v1.3.0"

[[projects]]
  digest = "1:40e195917a951a8bf867cd05de2a46aaf1806c50cf92eebf4c16f78cd196f747"
  name = "github.com/pkg/errors"
  packages = ["."]
  pruneopts = "UT"
  revision = "645ef00459ed84a119197bfb8d8205042c6df63d"
  version = "v0.8.0"

[[projects]]
  digest = "1:63a9cf2b613895b357fb31fe529e7055f0606cdb07b976f9c5331663d7658d69"
  name = "github.com/tensorflow/tensorflow"
  packages = ["tensorflow/go"]
  pruneopts = "UT"
  revision = "c19e29306ce1777456b2dbb3a14f511edf7883a8"
  version = "v1.11.0"

[solve-meta]
  analyzer-name = "dep"
  analyzer-version = 1
  input-imports = [
    "github.com/kelseyhightower/envconfig",
    "github.com/pkg/errors",
    "github.com/tensorflow/tensorflow/tensorflow/go",
  ]
  solver-name = "gps-cdcl"
  solver-version = 1
